github.com/hugo-fixit/cmpt-flyfish v1.1.0 h1:HhI8B/63TdzPJtgWBy0gSE+5Y2VL83VaOU3rqVGGs9g=
github.com/hugo-fixit/cmpt-flyfish v1.1.0/go.mod h1:59rRcovSQTuEwS7NzJNdHc3eRGXqxpELxHj2gCoXXSo=
github.com/hugo-fixit/cmpt-markmap v1.1.0 h1:yu5LaPaYnj8gdq3cWvmeB9T1+KkN5KLmjA4H57NkI9g=
github.com/hugo-fixit/cmpt-markmap v1.1.0/go.mod h1:Dl4vGnaorHgBQJdYza+ezjrkA4RkYnLshgxilDj0sxA=
github.com/hugo-fixit/cmpt-mdevtools/v2 v2.0.0 h1:iN6bQkLWkl+YeXDkgIhy4AaSIQD8GQqNCiWNgp7UvVw=
github.com/hugo-fixit/cmpt-mdevtools/v2 v2.0.0/go.mod h1:N/77LEYSw/GR1TCs84SbNrJChG7fD0qJ0N/dbaJ3HL8=
github.com/hugo-fixit/cmpt-santa-hat v1.1.0 h1:QNTwFFLLl5yu2vx04j+kjA0d8E14kjojwWbsNM+y0HA=
github.com/hugo-fixit/cmpt-santa-hat v1.1.0/go.mod h1:h25a6xmOj1CFIIpSaKeJIWcTtoQyVR39Uu47NDiZLb0=
github.com/hugo-fixit/cmpt-translate/v2 v2.0.0 h1:C8KsmFtdAVjQfN2LhaDTnJ0PQTpUDhK3kYxV5vRaCvo=
github.com/hugo-fixit/cmpt-translate/v2 v2.0.0/go.mod h1:VOwEMO8XblbrwVF0qfGXMMRwRip3kuorPTzCImUik48=
github.com/hugo-fixit/component-projects/v2 v2.2.0 h1:gquNZUtxFp5Cm8wiRrUGVkj4Iiilf1DllyBoHxZvyAg=
github.com/hugo-fixit/component-projects/v2 v2.2.0/go.mod h1:tqZ7Omn228h3r+wFF5Ko6fFUWuimhY1XRy+PBZQbT0w=
github.com/hugo-fixit/fixit-bundle v1.8.4 h1:DYX1aNLZjKk+SyvG17dE9ooCbft9SbvjyiG9BvhKiq8=
github.com/hugo-fixit/fixit-bundle v1.8.4/go.mod h1:Psb6W0zGuhlq9u7yPrMs2VeGmMS5BgWAkNtZhMx90j4=
github.com/hugo-fixit/hugo-atom-feed v1.3.1 h1:zR27plOr4DJEwK8amHdzVthoQLTb6truUYWLDRVDRXY=
github.com/hugo-fixit/hugo-atom-feed v1.3.1/go.mod h1:VL3kInxTH5EL+XjEhpo0ZW44fDhq6TI0qlKTFihg5hk=
github.com/hugo-fixit/hugo-json-feed v1.4.0 h1:9H1RxMnjIlCRun6QFZ/4lPaTeuGc3LAkJEnMOpOeOsk=
github.com/hugo-fixit/hugo-json-feed v1.4.0/go.mod h1:ystvqmSnWdkU0aBybKKNztj8P1ViY6AhMaK/bsBL9uw=
github.com/hugo-fixit/shortcode-asciinema v1.1.0 h1:nli2H/BeufC/LgT+Md35NFLfSYoNGs0z0yhCkH5cbvU=
github.com/hugo-fixit/shortcode-asciinema v1.1.0/go.mod h1:xSMC2YHX8KCM8EPPmn7PA6Cwg6X9UGsV8gA7+1WBPTw=
github.com/hugo-fixit/shortcode-caniuse v1.6.0 h1:h29uXKgFuMpnJnDwc7wn6jNkXUZWawi21fKs22LYJ2w=
github.com/hugo-fixit/shortcode-caniuse v1.6.0/go.mod h1:RoPLFt+7uLui5rjvkC/qFGeo4nly5AzzwIID9SoDKNc=
github.com/hugo-fixit/shortcode-docs-bookmark/v2 v2.0.0 h1:NfHSbShP1VvWyGVCTUahAK88pnexeVM/j/gRz+GEKRc=
github.com/hugo-fixit/shortcode-docs-bookmark/v2 v2.0.0/go.mod h1:f/Hcvp/fRhGV76mdxXwvnPGGw+C2lWwXvycOnj9NCKo=
github.com/hugo-fixit/shortcode-missing-translation v1.2.0 h1:t9cOk5sy8SCDb+shB8f11S8ZS2x/5X0y+wH+GHNo+w4=
github.com/hugo-fixit/shortcode-missing-translation v1.2.0/go.mod h1:yjDPW+mrZcaxM75vdbO2Z8jjZO93CW0IH1f8mlZgV08=
github.com/hugo-fixit/shortcode-mmt-netease v1.5.0 h1:yA/V1aMBNSKdeijAOW4aYwPuhoRr0rdxigAFxtnu9gg=
github.com/hugo-fixit/shortcode-mmt-netease v1.5.0/go.mod h1:uCRIQhOWONAycwsepEcQ+9ePRAeCQuxoCSWfctH1DI8=
github.com/hugo-fixit/shortcode-rewards/v2 v2.0.0 h1:Uy0GoB/sTLlPGrSf3XF7QfLd69IEMVynHSxuNCefhaY=
github.com/hugo-fixit/shortcode-rewards/v2 v2.0.0/go.mod h1:bjaWawiGjlhu8VErwuQ0ZHrnhdEd+e7TiLb6BAPC1Eg=
