github.com/Lruihao/hugo-shortcode-mmt-netease v1.0.7 h1:G0A3HBcU7zu/FZPEVlzexO4GBNs1CAUVNwoRkekUbdU=
github.com/Lruihao/hugo-shortcode-mmt-netease v1.0.7/go.mod h1:6vXHaAZv1p9meW2mZ5KmlWlu5W9YiIpUTkHGWwkp3Pk=
github.com/hugo-fixit/FixIt v0.3.12-0.20240831083031-9e67e259fbcb h1:mt8FycJirzQn4xs57A8H3MpqjoA8x2WO+OJt1iA3iE0=
github.com/hugo-fixit/FixIt v0.3.12-0.20240831083031-9e67e259fbcb/go.mod h1:3XIRedrqakO7/a4ZnhE46haMRF8HgsT0N0B5j5D2iRU=
github.com/hugo-fixit/cmpt-mdevtools v1.0.0 h1:6xCY1E2HqyTWioEcOPsmH7Wm12YKSPxngWK72PvLaKU=
github.com/hugo-fixit/cmpt-mdevtools v1.0.0/go.mod h1:+1tfeT4ugFNa1kx/3yQF0NUup2Fejiq7EwvrpcY2xWw=
github.com/hugo-fixit/component-projects v1.1.3 h1:iK6q07CpFsnnJGh8q2stVjv6Lr77dTM9o+P7LGDEYmE=
github.com/hugo-fixit/component-projects v1.1.3/go.mod h1:nXW0R37REwpfwUD1I4RtB5QW71vw66nRyB9uEpYxr+c=
github.com/hugo-fixit/hugo-json-feed v1.0.2 h1:xZABGHuoX/u0hnoF5AoP7ane7l9T7UNmlOAiFdWvBvA=
github.com/hugo-fixit/hugo-json-feed v1.0.2/go.mod h1:ystvqmSnWdkU0aBybKKNztj8P1ViY6AhMaK/bsBL9uw=
github.com/hugo-fixit/shortcode-caniuse v1.1.3 h1:U1YBJz5SI/d1BBQhHcD0eVgJdCcpzK2usSizPiu+a4w=
github.com/hugo-fixit/shortcode-caniuse v1.1.3/go.mod h1:RoPLFt+7uLui5rjvkC/qFGeo4nly5AzzwIID9SoDKNc=
github.com/hugo-fixit/shortcode-docs-bookmark v1.0.2 h1:VIcMt3SWSZYFyz0d+SfKb7ad3ZrQ2i87KJTYRfVTEfk=
github.com/hugo-fixit/shortcode-docs-bookmark v1.0.2/go.mod h1:suLPTLy/z2dvpHMEn9TFE+AxwyuTzmmD87vEiW078wI=
github.com/hugo-fixit/shortcode-rewards v1.0.4 h1:62qCmcGvAJf+qa+8ofRX6jwMUXo6Q4+PQvlOtu0ZGBA=
github.com/hugo-fixit/shortcode-rewards v1.0.4/go.mod h1:+PA7wjtBgkQsI8s8bPOMJ6bNNfExUIWz4AxTearzZgw=
